{
  "name": "@mozilla-protocol/colors",
  "version": "2.1.0",
  "lockfileVersion": 1,
  "requires": true,
  "dependencies": {
    "protocol-colors": {
      "version": "2.0.4",
      "resolved": "https://registry.npmjs.org/protocol-colors/-/protocol-colors-2.0.4.tgz",
      "integrity": "sha512-TwNb4waYRnGMMlWkaokCOgchA4tBZ2TYJrP13jsYzlwWkOxF2GO6cIoHEZ+fzl6BuddjaSK1eYhK/XLqT/PNcw==",
      "dev": true
    }
  }
}
